{
    "_readme": [
        "This file locks the dependencies of your project to a known state",
        "Read more about it at https://getcomposer.org/doc/01-basic-usage.md#installing-dependencies",
        "This file is @generated automatically"
    ],
    "content-hash": "0f80f6d14749a035604527f71ffd3d9a",
    "packages": [
        {
            "name": "funct/funct",
            "version": "1.5.0",
            "source": {
                "type": "git",
                "url": "https://github.com/phpfunct/funct.git",
                "reference": "3f01f3f8f13c9f6b02a43b3ce65da141fdce3e40"
            },
            "dist": {
                "type": "zip",
                "url": "https://api.github.com/repos/phpfunct/funct/zipball/3f01f3f8f13c9f6b02a43b3ce65da141fdce3e40",
                "reference": "3f01f3f8f13c9f6b02a43b3ce65da141fdce3e40",
                "shasum": ""
            },
            "require-dev": {
                "phpunit/phpunit": "^4.0"
            },
            "type": "library",
            "extra": {
                "branch-alias": {
                    "dev-master": "1.0-dev"
                }
            },
            "autoload": {
                "psr-4": {
                    "Funct\\": "src"
                },
                "files": [
                    "src/Collection.php",
                    "src/General.php",
                    "src/Invoke.php",
                    "src/Object.php",
                    "src/Strings.php"
                ]
            },
            "notification-url": "https://packagist.org/downloads/",
            "license": [
                "MIT"
            ],
            "authors": [
                {
                    "name": "Aurimas Niekis",
                    "email": "aurimas@niekis.lt"
                }
            ],
            "description": "A PHP library with commonly used code blocks",
            "time": "2018-12-19T01:53:34+00:00"
        }
    ],
    "packages-dev": [],
    "aliases": [],
    "minimum-stability": "stable",
    "stability-flags": [],
    "prefer-stable": false,
    "prefer-lowest": false,
    "platform": [],
    "platform-dev": [],
    "plugin-api-version": "1.1.0"
}
